{
	"name": "enable3d",
	"version": "0.0.1",
	"lockfileVersion": 1,
	"requires": true,
	"dependencies": {
		"big.js": {
			"version": "5.2.2",
			"resolved": "https://registry.npmjs.org/big.js/-/big.js-5.2.2.tgz",
			"integrity": "sha512-vyL2OymJxmarO8gxMr0mhChsO9QGwhynfuu4+MHTAW6czfq9humCB7rKpUjDd9YUiDPU4mzpyupFSvOClAwbmQ=="
		},
		"emojis-list": {
			"version": "2.1.0",
			"resolved": "https://registry.npmjs.org/emojis-list/-/emojis-list-2.1.0.tgz",
			"integrity": "sha1-TapNnbAPmBmIDHn6RXrlsJof04k="
		},
		"eventemitter3": {
			"version": "4.0.0",
			"resolved": "https://registry.npmjs.org/eventemitter3/-/eventemitter3-4.0.0.tgz",
			"integrity": "sha512-qerSRB0p+UDEssxTtm6EDKcE7W4OaoisfIMl4CngyEhjpYglocpNg6UEqCvemdGhosAsg4sO2dXJOdyBifPGCg=="
		},
		"exports-loader": {
			"version": "0.7.0",
			"resolved": "https://registry.npmjs.org/exports-loader/-/exports-loader-0.7.0.tgz",
			"integrity": "sha512-RKwCrO4A6IiKm0pG3c9V46JxIHcDplwwGJn6+JJ1RcVnh/WSGJa0xkmk5cRVtgOPzCAtTMGj2F7nluh9L0vpSA==",
			"requires": {
				"loader-utils": "^1.1.0",
				"source-map": "0.5.0"
			}
		},
		"imports-loader": {
			"version": "0.8.0",
			"resolved": "https://registry.npmjs.org/imports-loader/-/imports-loader-0.8.0.tgz",
			"integrity": "sha512-kXWL7Scp8KQ4552ZcdVTeaQCZSLW+e6nJfp3cwUMB673T7Hr98Xjx5JK+ql7ADlJUvj1JS5O01RLbKoutN5QDQ==",
			"requires": {
				"loader-utils": "^1.0.2",
				"source-map": "^0.6.1"
			},
			"dependencies": {
				"source-map": {
					"version": "0.6.1",
					"resolved": "https://registry.npmjs.org/source-map/-/source-map-0.6.1.tgz",
					"integrity": "sha512-UjgapumWlbMhkBgzT7Ykc5YXUT46F0iKu8SGXq0bcwP5dz/h0Plj6enJqjz1Zbq2l5WaqYnrVbwWOWMyF3F47g=="
				}
			}
		},
		"inherits": {
			"version": "2.0.3",
			"resolved": "https://registry.npmjs.org/inherits/-/inherits-2.0.3.tgz",
			"integrity": "sha1-Yzwsg+PaQqUC9SRmAiSA9CCCYd4="
		},
		"json5": {
			"version": "1.0.1",
			"resolved": "https://registry.npmjs.org/json5/-/json5-1.0.1.tgz",
			"integrity": "sha512-aKS4WQjPenRxiQsC93MNfjx+nbF4PAdYzmd/1JIj8HYzqfbu86beTuNgXDzPknWk0n0uARlyewZo4s++ES36Ow==",
			"requires": {
				"minimist": "^1.2.0"
			}
		},
		"loader-utils": {
			"version": "1.2.3",
			"resolved": "https://registry.npmjs.org/loader-utils/-/loader-utils-1.2.3.tgz",
			"integrity": "sha512-fkpz8ejdnEMG3s37wGL07iSBDg99O9D5yflE9RGNH3hRdx9SOwYfnGYdZOUIZitN8E+E2vkq3MUMYMvPYl5ZZA==",
			"requires": {
				"big.js": "^5.2.2",
				"emojis-list": "^2.0.0",
				"json5": "^1.0.1"
			}
		},
		"minimist": {
			"version": "1.2.0",
			"resolved": "https://registry.npmjs.org/minimist/-/minimist-1.2.0.tgz",
			"integrity": "sha1-o1AIsg9BOD7sH7kU9M1d95omQoQ="
		},
		"path": {
			"version": "0.12.7",
			"resolved": "https://registry.npmjs.org/path/-/path-0.12.7.tgz",
			"integrity": "sha1-1NwqUGxM4hl+tIHr/NWzbAFAsQ8=",
			"requires": {
				"process": "^0.11.1",
				"util": "^0.10.3"
			}
		},
		"phaser": {
			"version": "3.21.0",
			"resolved": "https://registry.npmjs.org/phaser/-/phaser-3.21.0.tgz",
			"integrity": "sha512-hcystLbTfeObD3DVG0nRzdLSZxcU4C8g+wzXZCl2a5CupPHxFdA3RJNELtWGs3UlFJAHHi0Xm6e7xliv08V/aA==",
			"requires": {
				"eventemitter3": "^3.1.0",
				"exports-loader": "^0.7.0",
				"imports-loader": "^0.8.0",
				"path": "^0.12.7"
			},
			"dependencies": {
				"eventemitter3": {
					"version": "3.1.2",
					"resolved": "https://registry.npmjs.org/eventemitter3/-/eventemitter3-3.1.2.tgz",
					"integrity": "sha512-tvtQIeLVHjDkJYnzf2dgVMxfuSGJeM/7UCG17TT4EumTfNtF+0nebF/4zWOIkCreAbtNqhGEboB6BWrwqNaw4Q=="
				}
			}
		},
		"process": {
			"version": "0.11.10",
			"resolved": "https://registry.npmjs.org/process/-/process-0.11.10.tgz",
			"integrity": "sha1-czIwDoQBYb2j5podHZGn1LwW8YI="
		},
		"source-map": {
			"version": "0.5.0",
			"resolved": "https://registry.npmjs.org/source-map/-/source-map-0.5.0.tgz",
			"integrity": "sha1-D+llA6yGpa213mP05BKuSHLNvoY="
		},
		"three": {
			"version": "0.111.0",
			"resolved": "https://registry.npmjs.org/three/-/three-0.111.0.tgz",
			"integrity": "sha512-AcTqyGJ3H75AIusOuADy0LsP958QKQwm/YhABHFMzd6RFXPNVay1rlSbbG6WYv7KM72G2THMMwqbjQd4dVHMkQ=="
		},
		"util": {
			"version": "0.10.4",
			"resolved": "https://registry.npmjs.org/util/-/util-0.10.4.tgz",
			"integrity": "sha512-0Pm9hTQ3se5ll1XihRic3FDIku70C+iHUdT/W926rSgHV5QgXsYbKZN8MSC3tJtSkhuROzvsQjAaFENRXr+19A==",
			"requires": {
				"inherits": "2.0.3"
			}
		}
	}
}
